<?xml version="1.0" encoding="utf-8"?>
<Project ToolsVersion="4.0" xmlns="http://schemas.microsoft.com/developer/msbuild/2003">
  <ItemGroup>
    <Filter Include="src">
      <UniqueIdentifier>{4FC737F1-C7A5-4376-A066-2A32D752A2FF}</UniqueIdentifier>
      <Extensions>cpp;c;cc;cxx;def;odl;idl;hpj;bat;asm;asmx</Extensions>
    </Filter>
  </ItemGroup>
  <ItemGroup>
    <ClCompile Include="..\..\apps\clkcomb\AnalyseCenter.cpp">
      <Filter>src</Filter>
    </ClCompile>
    <ClCompile Include="..\..\apps\clkcomb\config.cpp">
      <Filter>src</Filter>
    </ClCompile>
    <ClCompile Include="..\..\apps\clkcomb\main.cpp">
      <Filter>src</Filter>
    </ClCompile>
    <ClCompile Include="..\..\apps\clkcomb\Satellite.cpp">
      <Filter>src</Filter>
    </ClCompile>
    <ClCompile Include="..\..\apps\clkcomb\utils.cpp">
      <Filter>src</Filter>
    </ClCompile>
  </ItemGroup>
  <ItemGroup>
    <ClInclude Include="..\..\apps\clkcomb\AnalyseCenter.h">
      <Filter>src</Filter>
    </ClInclude>
    <ClInclude Include="..\..\apps\clkcomb\config.h">
      <Filter>src</Filter>
    </ClInclude>
    <ClInclude Include="..\..\apps\clkcomb\Satellite.h">
      <Filter>src</Filter>
    </ClInclude>
    <ClInclude Include="..\..\apps\clkcomb\utils.h">
      <Filter>src</Filter>
    </ClInclude>
  </ItemGroup>
</Project>